PODS:
  - RxCocoa (5.0.0):
    - RxRelay (~> 5)
    - RxSwift (~> 5)
  - RxRelay (5.0.0):
    - RxSwift (~> 5)
  - RxSwift (5.0.0)
  - RxTags (0.1.8):
    - RxCocoa
    - RxSwift
    - Tags
  - Tags (0.3.0)

DEPENDENCIES:
  - RxTags (from `../`)

SPEC REPOS:
  https://github.com/cocoapods/specs.git:
    - RxCocoa
    - RxRelay
    - RxSwift
    - Tags

EXTERNAL SOURCES:
  RxTags:
    :path: "../"

SPEC CHECKSUMS:
  RxCocoa: fcf32050ac00d801f34a7f71d5e8e7f23026dcd8
  RxRelay: 4f7409406a51a55cd88483f21ed898c234d60f18
  RxSwift: 8b0671caa829a763bbce7271095859121cbd895f
  RxTags: 5e0a9eb96c14b0ff3e52dff41875b891b131c093
  Tags: a01fe615710345309c141b0101492402907c067b

PODFILE CHECKSUM: 5ab26b302763b63b9829b9c245c190cde46f0175

COCOAPODS: 1.7.4
